// !$*UTF8*$!
{
	archiveVersion = 1;
	classes = {
	};
	objectVersion = 50;
	objects = {

/* Begin PBXBuildFile section */
		7E43C6472570A0F800170C17 /* OutAndAboutMapApp.swift in Sources */ = {isa = PBXBuildFile; fileRef = 7E43C6462570A0F800170C17 /* OutAndAboutMapApp.swift */; };
		7E43C6492570A0F800170C17 /* ContentView.swift in Sources */ = {isa = PBXBuildFile; fileRef = 7E43C6482570A0F800170C17 /* ContentView.swift */; };
		7E43C64B2570A0FC00170C17 /* Assets.xcassets in Resources */ = {isa = PBXBuildFile; fileRef = 7E43C64A2570A0FC00170C17 /* Assets.xcassets */; };
		7E43C64E2570A0FC00170C17 /* Preview Assets.xcassets in Resources */ = {isa = PBXBuildFile; fileRef = 7E43C64D2570A0FC00170C17 /* Preview Assets.xcassets */; };
		7E43C6592570A0FD00170C17 /* OutAndAboutMapTests.swift in Sources */ = {isa = PBXBuildFile; fileRef = 7E43C6582570A0FD00170C17 /* OutAndAboutMapTests.swift */; };
		7E43C6642570A0FD00170C17 /* OutAndAboutMapUITests.swift in Sources */ = {isa = PBXBuildFile; fileRef = 7E43C6632570A0FD00170C17 /* OutAndAboutMapUITests.swift */; };
		7E43C6762570A53C00170C17 /* MainMapModel.swift in Sources */ = {isa = PBXBuildFile; fileRef = 7E43C6752570A53C00170C17 /* MainMapModel.swift */; };
		7E43C6802570A56300170C17 /* MainMapView.swift in Sources */ = {isa = PBXBuildFile; fileRef = 7E43C67F2570A56300170C17 /* MainMapView.swift */; };
		7E43C6D22570B2B500170C17 /* Assets.xcassets in Resources */ = {isa = PBXBuildFile; fileRef = 7E43C6D12570B2B500170C17 /* Assets.xcassets */; };
		7E43C6D92570B2B500170C17 /* WatchMap Extension.appex in Embed App Extensions */ = {isa = PBXBuildFile; fileRef = 7E43C6D82570B2B500170C17 /* WatchMap Extension.appex */; settings = {ATTRIBUTES = (RemoveHeadersOnCopy, ); }; };
		7E43C6DE2570B2B500170C17 /* OutAndAboutMapApp.swift in Sources */ = {isa = PBXBuildFile; fileRef = 7E43C6DD2570B2B500170C17 /* OutAndAboutMapApp.swift */; };
		7E43C6E02570B2B500170C17 /* ContentView.swift in Sources */ = {isa = PBXBuildFile; fileRef = 7E43C6DF2570B2B500170C17 /* ContentView.swift */; };
		7E43C6E22570B2B500170C17 /* NotificationController.swift in Sources */ = {isa = PBXBuildFile; fileRef = 7E43C6E12570B2B500170C17 /* NotificationController.swift */; };
		7E43C6E42570B2B500170C17 /* NotificationView.swift in Sources */ = {isa = PBXBuildFile; fileRef = 7E43C6E32570B2B500170C17 /* NotificationView.swift */; };
		7E43C6E62570B2B500170C17 /* ComplicationController.swift in Sources */ = {isa = PBXBuildFile; fileRef = 7E43C6E52570B2B500170C17 /* ComplicationController.swift */; };
		7E43C6E82570B2B700170C17 /* Assets.xcassets in Resources */ = {isa = PBXBuildFile; fileRef = 7E43C6E72570B2B700170C17 /* Assets.xcassets */; };
		7E43C6EB2570B2B700170C17 /* Preview Assets.xcassets in Resources */ = {isa = PBXBuildFile; fileRef = 7E43C6EA2570B2B700170C17 /* Preview Assets.xcassets */; };
		7E43C6F02570B2B700170C17 /* WatchMap.app in Embed Watch Content */ = {isa = PBXBuildFile; fileRef = 7E43C6CF2570B2B100170C17 /* WatchMap.app */; settings = {ATTRIBUTES = (RemoveHeadersOnCopy, ); }; };
		7E43C74A2571C65A00170C17 /* USGSHillshadeWMTSTileOverlay.swift in Sources */ = {isa = PBXBuildFile; fileRef = 7E43C7492571C65A00170C17 /* USGSHillshadeWMTSTileOverlay.swift */; };
		7E43C7582571E51700170C17 /* USGSHillshadeWMSTileOverlay.swift in Sources */ = {isa = PBXBuildFile; fileRef = 7E43C7572571E51700170C17 /* USGSHillshadeWMSTileOverlay.swift */; };
		7E43C760257217EF00170C17 /* MainMapView+Coordinator.swift in Sources */ = {isa = PBXBuildFile; fileRef = 7E43C75F257217EE00170C17 /* MainMapView+Coordinator.swift */; };
		7E43C77F257482D200170C17 /* WMSTileOverlay.swift in Sources */ = {isa = PBXBuildFile; fileRef = 7E43C77E257482D200170C17 /* WMSTileOverlay.swift */; };
/* End PBXBuildFile section */

/* Begin PBXContainerItemProxy section */
		7E43C6552570A0FD00170C17 /* PBXContainerItemProxy */ = {
			isa = PBXContainerItemProxy;
			containerPortal = 7E43C63B2570A0F800170C17 /* Project object */;
			proxyType = 1;
			remoteGlobalIDString = 7E43C6422570A0F800170C17;
			remoteInfo = OutAndAboutMap;
		};
		7E43C6602570A0FD00170C17 /* PBXContainerItemProxy */ = {
			isa = PBXContainerItemProxy;
			containerPortal = 7E43C63B2570A0F800170C17 /* Project object */;
			proxyType = 1;
			remoteGlobalIDString = 7E43C6422570A0F800170C17;
			remoteInfo = OutAndAboutMap;
		};
		7E43C6DA2570B2B500170C17 /* PBXContainerItemProxy */ = {
			isa = PBXContainerItemProxy;
			containerPortal = 7E43C63B2570A0F800170C17 /* Project object */;
			proxyType = 1;
			remoteGlobalIDString = 7E43C6D72570B2B500170C17;
			remoteInfo = "WatchMap Extension";
		};
		7E43C6EE2570B2B700170C17 /* PBXContainerItemProxy */ = {
			isa = PBXContainerItemProxy;
			containerPortal = 7E43C63B2570A0F800170C17 /* Project object */;
			proxyType = 1;
			remoteGlobalIDString = 7E43C6CE2570B2B100170C17;
			remoteInfo = WatchMap;
		};
/* End PBXContainerItemProxy section */

/* Begin PBXCopyFilesBuildPhase section */
		7E43C6F12570B2B700170C17 /* Embed Watch Content */ = {
			isa = PBXCopyFilesBuildPhase;
			buildActionMask = 2147483647;
			dstPath = "$(CONTENTS_FOLDER_PATH)/Watch";
			dstSubfolderSpec = 16;
			files = (
				7E43C6F02570B2B700170C17 /* WatchMap.app in Embed Watch Content */,
			);
			name = "Embed Watch Content";
			runOnlyForDeploymentPostprocessing = 0;
		};
		7E43C6F42570B2B700170C17 /* Embed App Extensions */ = {
			isa = PBXCopyFilesBuildPhase;
			buildActionMask = 2147483647;
			dstPath = "";
			dstSubfolderSpec = 13;
			files = (
				7E43C6D92570B2B500170C17 /* WatchMap Extension.appex in Embed App Extensions */,
			);
			name = "Embed App Extensions";
			runOnlyForDeploymentPostprocessing = 0;
		};
/* End PBXCopyFilesBuildPhase section */

/* Begin PBXFileReference section */
		7E43C6432570A0F800170C17 /* OutAndAboutMap.app */ = {isa = PBXFileReference; explicitFileType = wrapper.application; includeInIndex = 0; path = OutAndAboutMap.app; sourceTree = BUILT_PRODUCTS_DIR; };
		7E43C6462570A0F800170C17 /* OutAndAboutMapApp.swift */ = {isa = PBXFileReference; lastKnownFileType = sourcecode.swift; path = OutAndAboutMapApp.swift; sourceTree = "<group>"; };
		7E43C6482570A0F800170C17 /* ContentView.swift */ = {isa = PBXFileReference; lastKnownFileType = sourcecode.swift; path = ContentView.swift; sourceTree = "<group>"; };
		7E43C64A2570A0FC00170C17 /* Assets.xcassets */ = {isa = PBXFileReference; lastKnownFileType = folder.assetcatalog; path = Assets.xcassets; sourceTree = "<group>"; };
		7E43C64D2570A0FC00170C17 /* Preview Assets.xcassets */ = {isa = PBXFileReference; lastKnownFileType = folder.assetcatalog; path = "Preview Assets.xcassets"; sourceTree = "<group>"; };
		7E43C64F2570A0FC00170C17 /* Info.plist */ = {isa = PBXFileReference; lastKnownFileType = text.plist.xml; path = Info.plist; sourceTree = "<group>"; };
		7E43C6542570A0FD00170C17 /* OutAndAboutMapTests.xctest */ = {isa = PBXFileReference; explicitFileType = wrapper.cfbundle; includeInIndex = 0; path = OutAndAboutMapTests.xctest; sourceTree = BUILT_PRODUCTS_DIR; };
		7E43C6582570A0FD00170C17 /* OutAndAboutMapTests.swift */ = {isa = PBXFileReference; lastKnownFileType = sourcecode.swift; path = OutAndAboutMapTests.swift; sourceTree = "<group>"; };
		7E43C65A2570A0FD00170C17 /* Info.plist */ = {isa = PBXFileReference; lastKnownFileType = text.plist.xml; path = Info.plist; sourceTree = "<group>"; };
		7E43C65F2570A0FD00170C17 /* OutAndAboutMapUITests.xctest */ = {isa = PBXFileReference; explicitFileType = wrapper.cfbundle; includeInIndex = 0; path = OutAndAboutMapUITests.xctest; sourceTree = BUILT_PRODUCTS_DIR; };
		7E43C6632570A0FD00170C17 /* OutAndAboutMapUITests.swift */ = {isa = PBXFileReference; lastKnownFileType = sourcecode.swift; path = OutAndAboutMapUITests.swift; sourceTree = "<group>"; };
		7E43C6652570A0FD00170C17 /* Info.plist */ = {isa = PBXFileReference; lastKnownFileType = text.plist.xml; path = Info.plist; sourceTree = "<group>"; };
		7E43C6752570A53C00170C17 /* MainMapModel.swift */ = {isa = PBXFileReference; lastKnownFileType = sourcecode.swift; path = MainMapModel.swift; sourceTree = "<group>"; };
		7E43C67F2570A56300170C17 /* MainMapView.swift */ = {isa = PBXFileReference; lastKnownFileType = sourcecode.swift; path = MainMapView.swift; sourceTree = "<group>"; };
		7E43C6CF2570B2B100170C17 /* WatchMap.app */ = {isa = PBXFileReference; explicitFileType = wrapper.application; includeInIndex = 0; path = WatchMap.app; sourceTree = BUILT_PRODUCTS_DIR; };
		7E43C6D12570B2B500170C17 /* Assets.xcassets */ = {isa = PBXFileReference; lastKnownFileType = folder.assetcatalog; path = Assets.xcassets; sourceTree = "<group>"; };
		7E43C6D32570B2B500170C17 /* Info.plist */ = {isa = PBXFileReference; lastKnownFileType = text.plist.xml; path = Info.plist; sourceTree = "<group>"; };
		7E43C6D82570B2B500170C17 /* WatchMap Extension.appex */ = {isa = PBXFileReference; explicitFileType = "wrapper.app-extension"; includeInIndex = 0; path = "WatchMap Extension.appex"; sourceTree = BUILT_PRODUCTS_DIR; };
		7E43C6DD2570B2B500170C17 /* OutAndAboutMapApp.swift */ = {isa = PBXFileReference; lastKnownFileType = sourcecode.swift; path = OutAndAboutMapApp.swift; sourceTree = "<group>"; };
		7E43C6DF2570B2B500170C17 /* ContentView.swift */ = {isa = PBXFileReference; lastKnownFileType = sourcecode.swift; path = ContentView.swift; sourceTree = "<group>"; };
		7E43C6E12570B2B500170C17 /* NotificationController.swift */ = {isa = PBXFileReference; lastKnownFileType = sourcecode.swift; path = NotificationController.swift; sourceTree = "<group>"; };
		7E43C6E32570B2B500170C17 /* NotificationView.swift */ = {isa = PBXFileReference; lastKnownFileType = sourcecode.swift; path = NotificationView.swift; sourceTree = "<group>"; };
		7E43C6E52570B2B500170C17 /* ComplicationController.swift */ = {isa = PBXFileReference; lastKnownFileType = sourcecode.swift; path = ComplicationController.swift; sourceTree = "<group>"; };
		7E43C6E72570B2B700170C17 /* Assets.xcassets */ = {isa = PBXFileReference; lastKnownFileType = folder.assetcatalog; path = Assets.xcassets; sourceTree = "<group>"; };
		7E43C6EA2570B2B700170C17 /* Preview Assets.xcassets */ = {isa = PBXFileReference; lastKnownFileType = folder.assetcatalog; path = "Preview Assets.xcassets"; sourceTree = "<group>"; };
		7E43C6EC2570B2B700170C17 /* Info.plist */ = {isa = PBXFileReference; lastKnownFileType = text.plist.xml; path = Info.plist; sourceTree = "<group>"; };
		7E43C6ED2570B2B700170C17 /* PushNotificationPayload.apns */ = {isa = PBXFileReference; lastKnownFileType = text; path = PushNotificationPayload.apns; sourceTree = "<group>"; };
		7E43C7492571C65A00170C17 /* USGSHillshadeWMTSTileOverlay.swift */ = {isa = PBXFileReference; lastKnownFileType = sourcecode.swift; path = USGSHillshadeWMTSTileOverlay.swift; sourceTree = "<group>"; };
		7E43C7572571E51700170C17 /* USGSHillshadeWMSTileOverlay.swift */ = {isa = PBXFileReference; lastKnownFileType = sourcecode.swift; path = USGSHillshadeWMSTileOverlay.swift; sourceTree = "<group>"; };
		7E43C75F257217EE00170C17 /* MainMapView+Coordinator.swift */ = {isa = PBXFileReference; lastKnownFileType = sourcecode.swift; path = "MainMapView+Coordinator.swift"; sourceTree = "<group>"; };
		7E43C77E257482D200170C17 /* WMSTileOverlay.swift */ = {isa = PBXFileReference; lastKnownFileType = sourcecode.swift; path = WMSTileOverlay.swift; sourceTree = "<group>"; };
		7E43C78525749D3000170C17 /* LICENSE */ = {isa = PBXFileReference; lastKnownFileType = text; path = LICENSE; sourceTree = "<group>"; };
		7E43C78625749D8E00170C17 /* README.md */ = {isa = PBXFileReference; lastKnownFileType = net.daringfireball.markdown; path = README.md; sourceTree = "<group>"; };
/* End PBXFileReference section */

/* Begin PBXFrameworksBuildPhase section */
		7E43C6402570A0F800170C17 /* Frameworks */ = {
			isa = PBXFrameworksBuildPhase;
			buildActionMask = 2147483647;
			files = (
			);
			runOnlyForDeploymentPostprocessing = 0;
		};
		7E43C6512570A0FD00170C17 /* Frameworks */ = {
			isa = PBXFrameworksBuildPhase;
			buildActionMask = 2147483647;
			files = (
			);
			runOnlyForDeploymentPostprocessing = 0;
		};
		7E43C65C2570A0FD00170C17 /* Frameworks */ = {
			isa = PBXFrameworksBuildPhase;
			buildActionMask = 2147483647;
			files = (
			);
			runOnlyForDeploymentPostprocessing = 0;
		};
		7E43C6D52570B2B500170C17 /* Frameworks */ = {
			isa = PBXFrameworksBuildPhase;
			buildActionMask = 2147483647;
			files = (
			);
			runOnlyForDeploymentPostprocessing = 0;
		};
/* End PBXFrameworksBuildPhase section */

/* Begin PBXGroup section */
		7E43C63A2570A0F800170C17 = {
			isa = PBXGroup;
			children = (
				7E43C78625749D8E00170C17 /* README.md */,
				7E43C78525749D3000170C17 /* LICENSE */,
				7E43C6452570A0F800170C17 /* OutAndAboutMap */,
				7E43C6572570A0FD00170C17 /* OutAndAboutMapTests */,
				7E43C6622570A0FD00170C17 /* OutAndAboutMapUITests */,
				7E43C6D02570B2B100170C17 /* WatchMap */,
				7E43C6DC2570B2B500170C17 /* WatchMap Extension */,
				7E43C6442570A0F800170C17 /* Products */,
			);
			sourceTree = "<group>";
		};
		7E43C6442570A0F800170C17 /* Products */ = {
			isa = PBXGroup;
			children = (
				7E43C6432570A0F800170C17 /* OutAndAboutMap.app */,
				7E43C6542570A0FD00170C17 /* OutAndAboutMapTests.xctest */,
				7E43C65F2570A0FD00170C17 /* OutAndAboutMapUITests.xctest */,
				7E43C6CF2570B2B100170C17 /* WatchMap.app */,
				7E43C6D82570B2B500170C17 /* WatchMap Extension.appex */,
			);
			name = Products;
			sourceTree = "<group>";
		};
		7E43C6452570A0F800170C17 /* OutAndAboutMap */ = {
			isa = PBXGroup;
			children = (
				7E43C67D2570A54700170C17 /* Views */,
				7E43C6742570A52A00170C17 /* Models */,
				7E43C6462570A0F800170C17 /* OutAndAboutMapApp.swift */,
				7E43C6482570A0F800170C17 /* ContentView.swift */,
				7E43C64A2570A0FC00170C17 /* Assets.xcassets */,
				7E43C64F2570A0FC00170C17 /* Info.plist */,
				7E43C64C2570A0FC00170C17 /* Preview Content */,
			);
			path = OutAndAboutMap;
			sourceTree = "<group>";
		};
		7E43C64C2570A0FC00170C17 /* Preview Content */ = {
			isa = PBXGroup;
			children = (
				7E43C64D2570A0FC00170C17 /* Preview Assets.xcassets */,
			);
			path = "Preview Content";
			sourceTree = "<group>";
		};
		7E43C6572570A0FD00170C17 /* OutAndAboutMapTests */ = {
			isa = PBXGroup;
			children = (
				7E43C6582570A0FD00170C17 /* OutAndAboutMapTests.swift */,
				7E43C65A2570A0FD00170C17 /* Info.plist */,
			);
			path = OutAndAboutMapTests;
			sourceTree = "<group>";
		};
		7E43C6622570A0FD00170C17 /* OutAndAboutMapUITests */ = {
			isa = PBXGroup;
			children = (
				7E43C6632570A0FD00170C17 /* OutAndAboutMapUITests.swift */,
				7E43C6652570A0FD00170C17 /* Info.plist */,
			);
			path = OutAndAboutMapUITests;
			sourceTree = "<group>";
		};
		7E43C6742570A52A00170C17 /* Models */ = {
			isa = PBXGroup;
			children = (
				7E43C7562571E50600170C17 /* WMS */,
				7E43C7372571BCBB00170C17 /* WMTS */,
				7E43C6752570A53C00170C17 /* MainMapModel.swift */,
			);
			path = Models;
			sourceTree = "<group>";
		};
		7E43C67D2570A54700170C17 /* Views */ = {
			isa = PBXGroup;
			children = (
				7E43C67E2570A55300170C17 /* MainMap */,
			);
			path = Views;
			sourceTree = "<group>";
		};
		7E43C67E2570A55300170C17 /* MainMap */ = {
			isa = PBXGroup;
			children = (
				7E43C67F2570A56300170C17 /* MainMapView.swift */,
				7E43C75F257217EE00170C17 /* MainMapView+Coordinator.swift */,
			);
			path = MainMap;
			sourceTree = "<group>";
		};
		7E43C6D02570B2B100170C17 /* WatchMap */ = {
			isa = PBXGroup;
			children = (
				7E43C6D12570B2B500170C17 /* Assets.xcassets */,
				7E43C6D32570B2B500170C17 /* Info.plist */,
			);
			path = WatchMap;
			sourceTree = "<group>";
		};
		7E43C6DC2570B2B500170C17 /* WatchMap Extension */ = {
			isa = PBXGroup;
			children = (
				7E43C6DD2570B2B500170C17 /* OutAndAboutMapApp.swift */,
				7E43C6DF2570B2B500170C17 /* ContentView.swift */,
				7E43C6E12570B2B500170C17 /* NotificationController.swift */,
				7E43C6E32570B2B500170C17 /* NotificationView.swift */,
				7E43C6E52570B2B500170C17 /* ComplicationController.swift */,
				7E43C6E72570B2B700170C17 /* Assets.xcassets */,
				7E43C6EC2570B2B700170C17 /* Info.plist */,
				7E43C6ED2570B2B700170C17 /* PushNotificationPayload.apns */,
				7E43C6E92570B2B700170C17 /* Preview Content */,
			);
			path = "WatchMap Extension";
			sourceTree = "<group>";
		};
		7E43C6E92570B2B700170C17 /* Preview Content */ = {
			isa = PBXGroup;
			children = (
				7E43C6EA2570B2B700170C17 /* Preview Assets.xcassets */,
			);
			path = "Preview Content";
			sourceTree = "<group>";
		};
		7E43C7372571BCBB00170C17 /* WMTS */ = {
			isa = PBXGroup;
			children = (
				7E43C7492571C65A00170C17 /* USGSHillshadeWMTSTileOverlay.swift */,
			);
			path = WMTS;
			sourceTree = "<group>";
		};
		7E43C7562571E50600170C17 /* WMS */ = {
			isa = PBXGroup;
			children = (
				7E43C7572571E51700170C17 /* USGSHillshadeWMSTileOverlay.swift */,
				7E43C77E257482D200170C17 /* WMSTileOverlay.swift */,
			);
			path = WMS;
			sourceTree = "<group>";
		};
/* End PBXGroup section */

/* Begin PBXNativeTarget section */
		7E43C6422570A0F800170C17 /* OutAndAboutMap */ = {
			isa = PBXNativeTarget;
			buildConfigurationList = 7E43C6682570A0FD00170C17 /* Build configuration list for PBXNativeTarget "OutAndAboutMap" */;
			buildPhases = (
				7E43C63F2570A0F800170C17 /* Sources */,
				7E43C6402570A0F800170C17 /* Frameworks */,
				7E43C6412570A0F800170C17 /* Resources */,
				7E43C6F12570B2B700170C17 /* Embed Watch Content */,
			);
			buildRules = (
			);
			dependencies = (
				7E43C6EF2570B2B700170C17 /* PBXTargetDependency */,
			);
			name = OutAndAboutMap;
			productName = OutAndAboutMap;
			productReference = 7E43C6432570A0F800170C17 /* OutAndAboutMap.app */;
			productType = "com.apple.product-type.application";
		};
		7E43C6532570A0FD00170C17 /* OutAndAboutMapTests */ = {
			isa = PBXNativeTarget;
			buildConfigurationList = 7E43C66B2570A0FD00170C17 /* Build configuration list for PBXNativeTarget "OutAndAboutMapTests" */;
			buildPhases = (
				7E43C6502570A0FD00170C17 /* Sources */,
				7E43C6512570A0FD00170C17 /* Frameworks */,
				7E43C6522570A0FD00170C17 /* Resources */,
			);
			buildRules = (
			);
			dependencies = (
				7E43C6562570A0FD00170C17 /* PBXTargetDependency */,
			);
			name = OutAndAboutMapTests;
			productName = OutAndAboutMapTests;
			productReference = 7E43C6542570A0FD00170C17 /* OutAndAboutMapTests.xctest */;
			productType = "com.apple.product-type.bundle.unit-test";
		};
		7E43C65E2570A0FD00170C17 /* OutAndAboutMapUITests */ = {
			isa = PBXNativeTarget;
			buildConfigurationList = 7E43C66E2570A0FD00170C17 /* Build configuration list for PBXNativeTarget "OutAndAboutMapUITests" */;
			buildPhases = (
				7E43C65B2570A0FD00170C17 /* Sources */,
				7E43C65C2570A0FD00170C17 /* Frameworks */,
				7E43C65D2570A0FD00170C17 /* Resources */,
			);
			buildRules = (
			);
			dependencies = (
				7E43C6612570A0FD00170C17 /* PBXTargetDependency */,
			);
			name = OutAndAboutMapUITests;
			productName = OutAndAboutMapUITests;
			productReference = 7E43C65F2570A0FD00170C17 /* OutAndAboutMapUITests.xctest */;
			productType = "com.apple.product-type.bundle.ui-testing";
		};
		7E43C6CE2570B2B100170C17 /* WatchMap */ = {
			isa = PBXNativeTarget;
			buildConfigurationList = 7E43C6F82570B2B700170C17 /* Build configuration list for PBXNativeTarget "WatchMap" */;
			buildPhases = (
				7E43C6CD2570B2B100170C17 /* Resources */,
				7E43C6F42570B2B700170C17 /* Embed App Extensions */,
			);
			buildRules = (
			);
			dependencies = (
				7E43C6DB2570B2B500170C17 /* PBXTargetDependency */,
			);
			name = WatchMap;
			productName = WatchMap;
			productReference = 7E43C6CF2570B2B100170C17 /* WatchMap.app */;
			productType = "com.apple.product-type.application.watchapp2";
		};
		7E43C6D72570B2B500170C17 /* WatchMap Extension */ = {
			isa = PBXNativeTarget;
			buildConfigurationList = 7E43C6F72570B2B700170C17 /* Build configuration list for PBXNativeTarget "WatchMap Extension" */;
			buildPhases = (
				7E43C6D42570B2B500170C17 /* Sources */,
				7E43C6D52570B2B500170C17 /* Frameworks */,
				7E43C6D62570B2B500170C17 /* Resources */,
			);
			buildRules = (
			);
			dependencies = (
			);
			name = "WatchMap Extension";
			productName = "WatchMap Extension";
			productReference = 7E43C6D82570B2B500170C17 /* WatchMap Extension.appex */;
			productType = "com.apple.product-type.watchkit2-extension";
		};
/* End PBXNativeTarget section */

/* Begin PBXProject section */
		7E43C63B2570A0F800170C17 /* Project object */ = {
			isa = PBXProject;
			attributes = {
				LastSwiftUpdateCheck = 1220;
				LastUpgradeCheck = 1220;
				TargetAttributes = {
					7E43C6422570A0F800170C17 = {
						CreatedOnToolsVersion = 12.2;
					};
					7E43C6532570A0FD00170C17 = {
						CreatedOnToolsVersion = 12.2;
						TestTargetID = 7E43C6422570A0F800170C17;
					};
					7E43C65E2570A0FD00170C17 = {
						CreatedOnToolsVersion = 12.2;
						TestTargetID = 7E43C6422570A0F800170C17;
					};
					7E43C6CE2570B2B100170C17 = {
						CreatedOnToolsVersion = 12.2;
					};
					7E43C6D72570B2B500170C17 = {
						CreatedOnToolsVersion = 12.2;
					};
				};
			};
			buildConfigurationList = 7E43C63E2570A0F800170C17 /* Build configuration list for PBXProject "OutAndAboutMap" */;
			compatibilityVersion = "Xcode 9.3";
			developmentRegion = en;
			hasScannedForEncodings = 0;
			knownRegions = (
				en,
				Base,
			);
			mainGroup = 7E43C63A2570A0F800170C17;
			productRefGroup = 7E43C6442570A0F800170C17 /* Products */;
			projectDirPath = "";
			projectRoot = "";
			targets = (
				7E43C6422570A0F800170C17 /* OutAndAboutMap */,
				7E43C6532570A0FD00170C17 /* OutAndAboutMapTests */,
				7E43C65E2570A0FD00170C17 /* OutAndAboutMapUITests */,
				7E43C6CE2570B2B100170C17 /* WatchMap */,
				7E43C6D72570B2B500170C17 /* WatchMap Extension */,
			);
		};
/* End PBXProject section */

/* Begin PBXResourcesBuildPhase section */
		7E43C6412570A0F800170C17 /* Resources */ = {
			isa = PBXResourcesBuildPhase;
			buildActionMask = 2147483647;
			files = (
				7E43C64E2570A0FC00170C17 /* Preview Assets.xcassets in Resources */,
				7E43C64B2570A0FC00170C17 /* Assets.xcassets in Resources */,
			);
			runOnlyForDeploymentPostprocessing = 0;
		};
		7E43C6522570A0FD00170C17 /* Resources */ = {
			isa = PBXResourcesBuildPhase;
			buildActionMask = 2147483647;
			files = (
			);
			runOnlyForDeploymentPostprocessing = 0;
		};
		7E43C65D2570A0FD00170C17 /* Resources */ = {
			isa = PBXResourcesBuildPhase;
			buildActionMask = 2147483647;
			files = (
			);
			runOnlyForDeploymentPostprocessing = 0;
		};
		7E43C6CD2570B2B100170C17 /* Resources */ = {
			isa = PBXResourcesBuildPhase;
			buildActionMask = 2147483647;
			files = (
				7E43C6D22570B2B500170C17 /* Assets.xcassets in Resources */,
			);
			runOnlyForDeploymentPostprocessing = 0;
		};
		7E43C6D62570B2B500170C17 /* Resources */ = {
			isa = PBXResourcesBuildPhase;
			buildActionMask = 2147483647;
			files = (
				7E43C6EB2570B2B700170C17 /* Preview Assets.xcassets in Resources */,
				7E43C6E82570B2B700170C17 /* Assets.xcassets in Resources */,
			);
			runOnlyForDeploymentPostprocessing = 0;
		};
/* End PBXResourcesBuildPhase section */

/* Begin PBXSourcesBuildPhase section */
		7E43C63F2570A0F800170C17 /* Sources */ = {
			isa = PBXSourcesBuildPhase;
			buildActionMask = 2147483647;
			files = (
				7E43C74A2571C65A00170C17 /* USGSHillshadeWMTSTileOverlay.swift in Sources */,
				7E43C6492570A0F800170C17 /* ContentView.swift in Sources */,
				7E43C6762570A53C00170C17 /* MainMapModel.swift in Sources */,
				7E43C6802570A56300170C17 /* MainMapView.swift in Sources */,
				7E43C760257217EF00170C17 /* MainMapView+Coordinator.swift in Sources */,
				7E43C6472570A0F800170C17 /* OutAndAboutMapApp.swift in Sources */,
				7E43C77F257482D200170C17 /* WMSTileOverlay.swift in Sources */,
				7E43C7582571E51700170C17 /* USGSHillshadeWMSTileOverlay.swift in Sources */,
			);
			runOnlyForDeploymentPostprocessing = 0;
		};
		7E43C6502570A0FD00170C17 /* Sources */ = {
			isa = PBXSourcesBuildPhase;
			buildActionMask = 2147483647;
			files = (
				7E43C6592570A0FD00170C17 /* OutAndAboutMapTests.swift in Sources */,
			);
			runOnlyForDeploymentPostprocessing = 0;
		};
		7E43C65B2570A0FD00170C17 /* Sources */ = {
			isa = PBXSourcesBuildPhase;
			buildActionMask = 2147483647;
			files = (
				7E43C6642570A0FD00170C17 /* OutAndAboutMapUITests.swift in Sources */,
			);
			runOnlyForDeploymentPostprocessing = 0;
		};
		7E43C6D42570B2B500170C17 /* Sources */ = {
			isa = PBXSourcesBuildPhase;
			buildActionMask = 2147483647;
			files = (
				7E43C6E22570B2B500170C17 /* NotificationController.swift in Sources */,
				7E43C6E02570B2B500170C17 /* ContentView.swift in Sources */,
				7E43C6E62570B2B500170C17 /* ComplicationController.swift in Sources */,
				7E43C6DE2570B2B500170C17 /* OutAndAboutMapApp.swift in Sources */,
				7E43C6E42570B2B500170C17 /* NotificationView.swift in Sources */,
			);
			runOnlyForDeploymentPostprocessing = 0;
		};
/* End PBXSourcesBuildPhase section */

/* Begin PBXTargetDependency section */
		7E43C6562570A0FD00170C17 /* PBXTargetDependency */ = {
			isa = PBXTargetDependency;
			target = 7E43C6422570A0F800170C17 /* OutAndAboutMap */;
			targetProxy = 7E43C6552570A0FD00170C17 /* PBXContainerItemProxy */;
		};
		7E43C6612570A0FD00170C17 /* PBXTargetDependency */ = {
			isa = PBXTargetDependency;
			target = 7E43C6422570A0F800170C17 /* OutAndAboutMap */;
			targetProxy = 7E43C6602570A0FD00170C17 /* PBXContainerItemProxy */;
		};
		7E43C6DB2570B2B500170C17 /* PBXTargetDependency */ = {
			isa = PBXTargetDependency;
			target = 7E43C6D72570B2B500170C17 /* WatchMap Extension */;
			targetProxy = 7E43C6DA2570B2B500170C17 /* PBXContainerItemProxy */;
		};
		7E43C6EF2570B2B700170C17 /* PBXTargetDependency */ = {
			isa = PBXTargetDependency;
			target = 7E43C6CE2570B2B100170C17 /* WatchMap */;
			targetProxy = 7E43C6EE2570B2B700170C17 /* PBXContainerItemProxy */;
		};
/* End PBXTargetDependency section */

/* Begin XCBuildConfiguration section */
		7E43C6662570A0FD00170C17 /* Debug */ = {
			isa = XCBuildConfiguration;
			buildSettings = {
				ALWAYS_SEARCH_USER_PATHS = NO;
				CLANG_ANALYZER_NONNULL = YES;
				CLANG_ANALYZER_NUMBER_OBJECT_CONVERSION = YES_AGGRESSIVE;
				CLANG_CXX_LANGUAGE_STANDARD = "gnu++14";
				CLANG_CXX_LIBRARY = "libc++";
				CLANG_ENABLE_MODULES = YES;
				CLANG_ENABLE_OBJC_ARC = YES;
				CLANG_ENABLE_OBJC_WEAK = YES;
				CLANG_WARN_BLOCK_CAPTURE_AUTORELEASING = YES;
				CLANG_WARN_BOOL_CONVERSION = YES;
				CLANG_WARN_COMMA = YES;
				CLANG_WARN_CONSTANT_CONVERSION = YES;
				CLANG_WARN_DEPRECATED_OBJC_IMPLEMENTATIONS = YES;
				CLANG_WARN_DIRECT_OBJC_ISA_USAGE = YES_ERROR;
				CLANG_WARN_DOCUMENTATION_COMMENTS = YES;
				CLANG_WARN_EMPTY_BODY = YES;
				CLANG_WARN_ENUM_CONVERSION = YES;
				CLANG_WARN_INFINITE_RECURSION = YES;
				CLANG_WARN_INT_CONVERSION = YES;
				CLANG_WARN_NON_LITERAL_NULL_CONVERSION = YES;
				CLANG_WARN_OBJC_IMPLICIT_RETAIN_SELF = YES;
				CLANG_WARN_OBJC_LITERAL_CONVERSION = YES;
				CLANG_WARN_OBJC_ROOT_CLASS = YES_ERROR;
				CLANG_WARN_QUOTED_INCLUDE_IN_FRAMEWORK_HEADER = YES;
				CLANG_WARN_RANGE_LOOP_ANALYSIS = YES;
				CLANG_WARN_STRICT_PROTOTYPES = YES;
				CLANG_WARN_SUSPICIOUS_MOVE = YES;
				CLANG_WARN_UNGUARDED_AVAILABILITY = YES_AGGRESSIVE;
				CLANG_WARN_UNREACHABLE_CODE = YES;
				CLANG_WARN__DUPLICATE_METHOD_MATCH = YES;
				COPY_PHASE_STRIP = NO;
				DEBUG_INFORMATION_FORMAT = dwarf;
				ENABLE_STRICT_OBJC_MSGSEND = YES;
				ENABLE_TESTABILITY = YES;
				GCC_C_LANGUAGE_STANDARD = gnu11;
				GCC_DYNAMIC_NO_PIC = NO;
				GCC_NO_COMMON_BLOCKS = YES;
				GCC_OPTIMIZATION_LEVEL = 0;
				GCC_PREPROCESSOR_DEFINITIONS = (
					"DEBUG=1",
					"$(inherited)",
				);
				GCC_WARN_64_TO_32_BIT_CONVERSION = YES;
				GCC_WARN_ABOUT_RETURN_TYPE = YES_ERROR;
				GCC_WARN_UNDECLARED_SELECTOR = YES;
				GCC_WARN_UNINITIALIZED_AUTOS = YES_AGGRESSIVE;
				GCC_WARN_UNUSED_FUNCTION = YES;
				GCC_WARN_UNUSED_VARIABLE = YES;
				IPHONEOS_DEPLOYMENT_TARGET = 14.2;
				MTL_ENABLE_DEBUG_INFO = INCLUDE_SOURCE;
				MTL_FAST_MATH = YES;
				ONLY_ACTIVE_ARCH = YES;
				SDKROOT = iphoneos;
				SWIFT_ACTIVE_COMPILATION_CONDITIONS = DEBUG;
				SWIFT_OPTIMIZATION_LEVEL = "-Onone";
			};
			name = Debug;
		};
		7E43C6672570A0FD00170C17 /* Release */ = {
			isa = XCBuildConfiguration;
			buildSettings = {
				ALWAYS_SEARCH_USER_PATHS = NO;
				CLANG_ANALYZER_NONNULL = YES;
				CLANG_ANALYZER_NUMBER_OBJECT_CONVERSION = YES_AGGRESSIVE;
				CLANG_CXX_LANGUAGE_STANDARD = "gnu++14";
				CLANG_CXX_LIBRARY = "libc++";
				CLANG_ENABLE_MODULES = YES;
				CLANG_ENABLE_OBJC_ARC = YES;
				CLANG_ENABLE_OBJC_WEAK = YES;
				CLANG_WARN_BLOCK_CAPTURE_AUTORELEASING = YES;
				CLANG_WARN_BOOL_CONVERSION = YES;
				CLANG_WARN_COMMA = YES;
				CLANG_WARN_CONSTANT_CONVERSION = YES;
				CLANG_WARN_DEPRECATED_OBJC_IMPLEMENTATIONS = YES;
				CLANG_WARN_DIRECT_OBJC_ISA_USAGE = YES_ERROR;
				CLANG_WARN_DOCUMENTATION_COMMENTS = YES;
				CLANG_WARN_EMPTY_BODY = YES;
				CLANG_WARN_ENUM_CONVERSION = YES;
				CLANG_WARN_INFINITE_RECURSION = YES;
				CLANG_WARN_INT_CONVERSION = YES;
				CLANG_WARN_NON_LITERAL_NULL_CONVERSION = YES;
				CLANG_WARN_OBJC_IMPLICIT_RETAIN_SELF = YES;
				CLANG_WARN_OBJC_LITERAL_CONVERSION = YES;
				CLANG_WARN_OBJC_ROOT_CLASS = YES_ERROR;
				CLANG_WARN_QUOTED_INCLUDE_IN_FRAMEWORK_HEADER = YES;
				CLANG_WARN_RANGE_LOOP_ANALYSIS = YES;
				CLANG_WARN_STRICT_PROTOTYPES = YES;
				CLANG_WARN_SUSPICIOUS_MOVE = YES;
				CLANG_WARN_UNGUARDED_AVAILABILITY = YES_AGGRESSIVE;
				CLANG_WARN_UNREACHABLE_CODE = YES;
				CLANG_WARN__DUPLICATE_METHOD_MATCH = YES;
				COPY_PHASE_STRIP = NO;
				DEBUG_INFORMATION_FORMAT = "dwarf-with-dsym";
				ENABLE_NS_ASSERTIONS = NO;
				ENABLE_STRICT_OBJC_MSGSEND = YES;
				GCC_C_LANGUAGE_STANDARD = gnu11;
				GCC_NO_COMMON_BLOCKS = YES;
				GCC_WARN_64_TO_32_BIT_CONVERSION = YES;
				GCC_WARN_ABOUT_RETURN_TYPE = YES_ERROR;
				GCC_WARN_UNDECLARED_SELECTOR = YES;
				GCC_WARN_UNINITIALIZED_AUTOS = YES_AGGRESSIVE;
				GCC_WARN_UNUSED_FUNCTION = YES;
				GCC_WARN_UNUSED_VARIABLE = YES;
				IPHONEOS_DEPLOYMENT_TARGET = 14.2;
				MTL_ENABLE_DEBUG_INFO = NO;
				MTL_FAST_MATH = YES;
				SDKROOT = iphoneos;
				SWIFT_COMPILATION_MODE = wholemodule;
				SWIFT_OPTIMIZATION_LEVEL = "-O";
				VALIDATE_PRODUCT = YES;
			};
			name = Release;
		};
		7E43C6692570A0FD00170C17 /* Debug */ = {
			isa = XCBuildConfiguration;
			buildSettings = {
				ASSETCATALOG_COMPILER_APPICON_NAME = AppIcon;
				ASSETCATALOG_COMPILER_GLOBAL_ACCENT_COLOR_NAME = AccentColor;
				CODE_SIGN_STYLE = Automatic;
				DEVELOPMENT_ASSET_PATHS = "\"OutAndAboutMap/Preview Content\"";
				DEVELOPMENT_TEAM = 7S6Y8WFB9W;
				ENABLE_PREVIEWS = YES;
				INFOPLIST_FILE = OutAndAboutMap/Info.plist;
				IPHONEOS_DEPLOYMENT_TARGET = 14.0;
				LD_RUNPATH_SEARCH_PATHS = (
					"$(inherited)",
					"@executable_path/Frameworks",
				);
				MARKETING_VERSION = 0.1;
				PRODUCT_BUNDLE_IDENTIFIER = org.grush.OutAndAboutMap;
				PRODUCT_NAME = "$(TARGET_NAME)";
				SWIFT_VERSION = 5.0;
				TARGETED_DEVICE_FAMILY = "1,2";
			};
			name = Debug;
		};
		7E43C66A2570A0FD00170C17 /* Release */ = {
			isa = XCBuildConfiguration;
			buildSettings = {
				ASSETCATALOG_COMPILER_APPICON_NAME = AppIcon;
				ASSETCATALOG_COMPILER_GLOBAL_ACCENT_COLOR_NAME = AccentColor;
				CODE_SIGN_STYLE = Automatic;
				DEVELOPMENT_ASSET_PATHS = "\"OutAndAboutMap/Preview Content\"";
				DEVELOPMENT_TEAM = 7S6Y8WFB9W;
				ENABLE_PREVIEWS = YES;
				INFOPLIST_FILE = OutAndAboutMap/Info.plist;
				IPHONEOS_DEPLOYMENT_TARGET = 14.0;
				LD_RUNPATH_SEARCH_PATHS = (
					"$(inherited)",
					"@executable_path/Frameworks",
				);
				MARKETING_VERSION = 0.1;
				PRODUCT_BUNDLE_IDENTIFIER = org.grush.OutAndAboutMap;
				PRODUCT_NAME = "$(TARGET_NAME)";
				SWIFT_VERSION = 5.0;
				TARGETED_DEVICE_FAMILY = "1,2";
			};
			name = Release;
		};
		7E43C66C2570A0FD00170C17 /* Debug */ = {
			isa = XCBuildConfiguration;
			buildSettings = {
				ALWAYS_EMBED_SWIFT_STANDARD_LIBRARIES = YES;
				BUNDLE_LOADER = "$(TEST_HOST)";
				CODE_SIGN_STYLE = Automatic;
				DEVELOPMENT_TEAM = 7S6Y8WFB9W;
				INFOPLIST_FILE = OutAndAboutMapTests/Info.plist;
				IPHONEOS_DEPLOYMENT_TARGET = 14.0;
				LD_RUNPATH_SEARCH_PATHS = (
					"$(inherited)",
					"@executable_path/Frameworks",
					"@loader_path/Frameworks",
				);
				PRODUCT_BUNDLE_IDENTIFIER = org.grush.OutAndAboutMapTests;
				PRODUCT_NAME = "$(TARGET_NAME)";
				SWIFT_VERSION = 5.0;
				TARGETED_DEVICE_FAMILY = "1,2";
				TEST_HOST = "$(BUILT_PRODUCTS_DIR)/OutAndAboutMap.app/OutAndAboutMap";
			};
			name = Debug;
		};
		7E43C66D2570A0FD00170C17 /* Release */ = {
			isa = XCBuildConfiguration;
			buildSettings = {
				ALWAYS_EMBED_SWIFT_STANDARD_LIBRARIES = YES;
				BUNDLE_LOADER = "$(TEST_HOST)";
				CODE_SIGN_STYLE = Automatic;
				DEVELOPMENT_TEAM = 7S6Y8WFB9W;
				INFOPLIST_FILE = OutAndAboutMapTests/Info.plist;
				IPHONEOS_DEPLOYMENT_TARGET = 14.0;
				LD_RUNPATH_SEARCH_PATHS = (
					"$(inherited)",
					"@executable_path/Frameworks",
					"@loader_path/Frameworks",
				);
				PRODUCT_BUNDLE_IDENTIFIER = org.grush.OutAndAboutMapTests;
				PRODUCT_NAME = "$(TARGET_NAME)";
				SWIFT_VERSION = 5.0;
				TARGETED_DEVICE_FAMILY = "1,2";
				TEST_HOST = "$(BUILT_PRODUCTS_DIR)/OutAndAboutMap.app/OutAndAboutMap";
			};
			name = Release;
		};
		7E43C66F2570A0FD00170C17 /* Debug */ = {
			isa = XCBuildConfiguration;
			buildSettings = {
				ALWAYS_EMBED_SWIFT_STANDARD_LIBRARIES = YES;
				CODE_SIGN_STYLE = Automatic;
				DEVELOPMENT_TEAM = 7S6Y8WFB9W;
				INFOPLIST_FILE = OutAndAboutMapUITests/Info.plist;
				LD_RUNPATH_SEARCH_PATHS = (
					"$(inherited)",
					"@executable_path/Frameworks",
					"@loader_path/Frameworks",
				);
				PRODUCT_BUNDLE_IDENTIFIER = org.grush.OutAndAboutMapUITests;
				PRODUCT_NAME = "$(TARGET_NAME)";
				SWIFT_VERSION = 5.0;
				TARGETED_DEVICE_FAMILY = "1,2";
				TEST_TARGET_NAME = OutAndAboutMap;
			};
			name = Debug;
		};
		7E43C6702570A0FD00170C17 /* Release */ = {
			isa = XCBuildConfiguration;
			buildSettings = {
				ALWAYS_EMBED_SWIFT_STANDARD_LIBRARIES = YES;
				CODE_SIGN_STYLE = Automatic;
				DEVELOPMENT_TEAM = 7S6Y8WFB9W;
				INFOPLIST_FILE = OutAndAboutMapUITests/Info.plist;
				LD_RUNPATH_SEARCH_PATHS = (
					"$(inherited)",
					"@executable_path/Frameworks",
					"@loader_path/Frameworks",
				);
				PRODUCT_BUNDLE_IDENTIFIER = org.grush.OutAndAboutMapUITests;
				PRODUCT_NAME = "$(TARGET_NAME)";
				SWIFT_VERSION = 5.0;
				TARGETED_DEVICE_FAMILY = "1,2";
				TEST_TARGET_NAME = OutAndAboutMap;
			};
			name = Release;
		};
		7E43C6F22570B2B700170C17 /* Debug */ = {
			isa = XCBuildConfiguration;
			buildSettings = {
				ALWAYS_EMBED_SWIFT_STANDARD_LIBRARIES = YES;
				ASSETCATALOG_COMPILER_APPICON_NAME = AppIcon;
				ASSETCATALOG_COMPILER_GLOBAL_ACCENT_COLOR_NAME = AccentColor;
				CODE_SIGN_STYLE = Automatic;
				DEVELOPMENT_TEAM = 7S6Y8WFB9W;
				IBSC_MODULE = WatchMap_Extension;
				INFOPLIST_FILE = WatchMap/Info.plist;
				MARKETING_VERSION = 0.1;
				PRODUCT_BUNDLE_IDENTIFIER = org.grush.OutAndAboutMap.watchkitapp;
				PRODUCT_NAME = "$(TARGET_NAME)";
				SDKROOT = watchos;
				SKIP_INSTALL = YES;
				SWIFT_VERSION = 5.0;
				TARGETED_DEVICE_FAMILY = 4;
				WATCHOS_DEPLOYMENT_TARGET = 7.1;
			};
			name = Debug;
		};
		7E43C6F32570B2B700170C17 /* Release */ = {
			isa = XCBuildConfiguration;
			buildSettings = {
				ALWAYS_EMBED_SWIFT_STANDARD_LIBRARIES = YES;
				ASSETCATALOG_COMPILER_APPICON_NAME = AppIcon;
				ASSETCATALOG_COMPILER_GLOBAL_ACCENT_COLOR_NAME = AccentColor;
				CODE_SIGN_STYLE = Automatic;
				DEVELOPMENT_TEAM = 7S6Y8WFB9W;
				IBSC_MODULE = WatchMap_Extension;
				INFOPLIST_FILE = WatchMap/Info.plist;
				MARKETING_VERSION = 0.1;
				PRODUCT_BUNDLE_IDENTIFIER = org.grush.OutAndAboutMap.watchkitapp;
				PRODUCT_NAME = "$(TARGET_NAME)";
				SDKROOT = watchos;
				SKIP_INSTALL = YES;
				SWIFT_VERSION = 5.0;
				TARGETED_DEVICE_FAMILY = 4;
				WATCHOS_DEPLOYMENT_TARGET = 7.1;
			};
			name = Release;
		};
		7E43C6F52570B2B700170C17 /* Debug */ = {
			isa = XCBuildConfiguration;
			buildSettings = {
				ASSETCATALOG_COMPILER_COMPLICATION_NAME = Complication;
				CODE_SIGN_STYLE = Automatic;
				DEVELOPMENT_ASSET_PATHS = "\"WatchMap Extension/Preview Content\"";
				DEVELOPMENT_TEAM = 7S6Y8WFB9W;
				ENABLE_PREVIEWS = YES;
				INFOPLIST_FILE = "WatchMap Extension/Info.plist";
				LD_RUNPATH_SEARCH_PATHS = (
					"$(inherited)",
					"@executable_path/Frameworks",
					"@executable_path/../../Frameworks",
				);
				PRODUCT_BUNDLE_IDENTIFIER = org.grush.OutAndAboutMap.watchkitapp.watchkitextension;
				PRODUCT_NAME = "${TARGET_NAME}";
				SDKROOT = watchos;
				SKIP_INSTALL = YES;
				SWIFT_VERSION = 5.0;
				TARGETED_DEVICE_FAMILY = 4;
				WATCHOS_DEPLOYMENT_TARGET = 7.1;
			};
			name = Debug;
		};
		7E43C6F62570B2B700170C17 /* Release */ = {
			isa = XCBuildConfiguration;
			buildSettings = {
				ASSETCATALOG_COMPILER_COMPLICATION_NAME = Complication;
				CODE_SIGN_STYLE = Automatic;
				DEVELOPMENT_ASSET_PATHS = "\"WatchMap Extension/Preview Content\"";
				DEVELOPMENT_TEAM = 7S6Y8WFB9W;
				ENABLE_PREVIEWS = YES;
				INFOPLIST_FILE = "WatchMap Extension/Info.plist";
				LD_RUNPATH_SEARCH_PATHS = (
					"$(inherited)",
					"@executable_path/Frameworks",
					"@executable_path/../../Frameworks",
				);
				PRODUCT_BUNDLE_IDENTIFIER = org.grush.OutAndAboutMap.watchkitapp.watchkitextension;
				PRODUCT_NAME = "${TARGET_NAME}";
				SDKROOT = watchos;
				SKIP_INSTALL = YES;
				SWIFT_VERSION = 5.0;
				TARGETED_DEVICE_FAMILY = 4;
				WATCHOS_DEPLOYMENT_TARGET = 7.1;
			};
			name = Release;
		};
/* End XCBuildConfiguration section */

/* Begin XCConfigurationList section */
		7E43C63E2570A0F800170C17 /* Build configuration list for PBXProject "OutAndAboutMap" */ = {
			isa = XCConfigurationList;
			buildConfigurations = (
				7E43C6662570A0FD00170C17 /* Debug */,
				7E43C6672570A0FD00170C17 /* Release */,
			);
			defaultConfigurationIsVisible = 0;
			defaultConfigurationName = Release;
		};
		7E43C6682570A0FD00170C17 /* Build configuration list for PBXNativeTarget "OutAndAboutMap" */ = {
			isa = XCConfigurationList;
			buildConfigurations = (
				7E43C6692570A0FD00170C17 /* Debug */,
				7E43C66A2570A0FD00170C17 /* Release */,
			);
			defaultConfigurationIsVisible = 0;
			defaultConfigurationName = Release;
		};
		7E43C66B2570A0FD00170C17 /* Build configuration list for PBXNativeTarget "OutAndAboutMapTests" */ = {
			isa = XCConfigurationList;
			buildConfigurations = (
				7E43C66C2570A0FD00170C17 /* Debug */,
				7E43C66D2570A0FD00170C17 /* Release */,
			);
			defaultConfigurationIsVisible = 0;
			defaultConfigurationName = Release;
		};
		7E43C66E2570A0FD00170C17 /* Build configuration list for PBXNativeTarget "OutAndAboutMapUITests" */ = {
			isa = XCConfigurationList;
			buildConfigurations = (
				7E43C66F2570A0FD00170C17 /* Debug */,
				7E43C6702570A0FD00170C17 /* Release */,
			);
			defaultConfigurationIsVisible = 0;
			defaultConfigurationName = Release;
		};
		7E43C6F72570B2B700170C17 /* Build configuration list for PBXNativeTarget "WatchMap Extension" */ = {
			isa = XCConfigurationList;
			buildConfigurations = (
				7E43C6F52570B2B700170C17 /* Debug */,
				7E43C6F62570B2B700170C17 /* Release */,
			);
			defaultConfigurationIsVisible = 0;
			defaultConfigurationName = Release;
		};
		7E43C6F82570B2B700170C17 /* Build configuration list for PBXNativeTarget "WatchMap" */ = {
			isa = XCConfigurationList;
			buildConfigurations = (
				7E43C6F22570B2B700170C17 /* Debug */,
				7E43C6F32570B2B700170C17 /* Release */,
			);
			defaultConfigurationIsVisible = 0;
			defaultConfigurationName = Release;
		};
/* End XCConfigurationList section */
	};
	rootObject = 7E43C63B2570A0F800170C17 /* Project object */;
}
